# This file was autogenerated by Stack.
# You should not edit this file by hand.
# For more information, please see the documentation at:
#   https://docs.haskellstack.org/en/stable/lock_files

packages:
- completed:
    hackage: monad-dijkstra-0.1.1.2@sha256:4bca3eca6358f916b06501f82c7bfa4c59236af0ac8cac551854c2e928e78c37,1962
    pantry-tree:
      size: 333
      sha256: 055ea4bab35e29fc8a2e4f8e2a9b3acb2219d1f074729ba9ef96308b64b11876
  original:
    hackage: monad-dijkstra-0.1.1.2@sha256:4bca3eca6358f916b06501f82c7bfa4c59236af0ac8cac551854c2e928e78c37,1962
snapshots:
- completed:
    size: 523448
    url: https://raw.githubusercontent.com/commercialhaskell/stackage-snapshots/master/lts/14/1.yaml
    sha256: 0045b9bae36c3bb2dd374c29b586389845af1557eea0423958d152fc500d4fbf
  original: lts-14.1
